
Microsoft Visual Studio Solution File, Format Version 12.00
# Visual Studio Version 16
VisualStudioVersion = 16.0.28729.10
MinimumVisualStudioVersion = 10.0.40219.1
Project("{FAE04EC0-301F-11D3-BF4B-00C04F79EFBC}") = "platform", "platform.csproj", "{661E853D-39C6-4102-A4C8-44FE7CE479D1}"
EndProject
Project("{840C416C-B8F3-42BC-B0DD-F6BB14C9F8CB}") = "ccol_client_installer", "ccol_client_installer\ccol_client_installer.aiproj", "{9EE894B5-4445-4674-B6D1-5DDDA3181B9B}"
EndProject
Global
	GlobalSection(SolutionConfigurationPlatforms) = preSolution
		All|Any CPU = All|Any CPU
		Debug|Any CPU = Debug|Any CPU
		Release|Any CPU = Release|Any CPU
	EndGlobalSection
	GlobalSection(ProjectConfigurationPlatforms) = postSolution
		{661E853D-39C6-4102-A4C8-44FE7CE479D1}.All|Any CPU.ActiveCfg = Release|Any CPU
		{661E853D-39C6-4102-A4C8-44FE7CE479D1}.All|Any CPU.Build.0 = Release|Any CPU
		{661E853D-39C6-4102-A4C8-44FE7CE479D1}.Debug|Any CPU.ActiveCfg = Debug|Any CPU
		{661E853D-39C6-4102-A4C8-44FE7CE479D1}.Debug|Any CPU.Build.0 = Debug|Any CPU
		{661E853D-39C6-4102-A4C8-44FE7CE479D1}.Release|Any CPU.ActiveCfg = Release|Any CPU
		{661E853D-39C6-4102-A4C8-44FE7CE479D1}.Release|Any CPU.Build.0 = Release|Any CPU
		{9EE894B5-4445-4674-B6D1-5DDDA3181B9B}.All|Any CPU.ActiveCfg = DefaultBuild
		{9EE894B5-4445-4674-B6D1-5DDDA3181B9B}.All|Any CPU.Build.0 = DefaultBuild
		{9EE894B5-4445-4674-B6D1-5DDDA3181B9B}.Debug|Any CPU.ActiveCfg = DefaultBuild
		{9EE894B5-4445-4674-B6D1-5DDDA3181B9B}.Debug|Any CPU.Build.0 = DefaultBuild
		{9EE894B5-4445-4674-B6D1-5DDDA3181B9B}.Release|Any CPU.ActiveCfg = DefaultBuild
		{9EE894B5-4445-4674-B6D1-5DDDA3181B9B}.Release|Any CPU.Build.0 = DefaultBuild
	EndGlobalSection
	GlobalSection(SolutionProperties) = preSolution
		HideSolutionNode = FALSE
	EndGlobalSection
	GlobalSection(ExtensibilityGlobals) = postSolution
		SolutionGuid = {79922E95-67E4-41E5-9ADB-E31764E45766}
	EndGlobalSection
EndGlobal
